
Microsoft Visual Studio Solution File, Format Version 12.00
# Visual Studio Version 16
VisualStudioVersion = 16.0.30611.23
MinimumVisualStudioVersion = 10.0.40219.1
Project("{9A19103F-16F7-4668-BE54-9A1E7A4F7556}") = "TestWeb", "TestWeb\TestWeb.csproj", "{E9155E74-4D08-4B73-831F-3A8C207754EB}"
EndProject
Project("{9A19103F-16F7-4668-BE54-9A1E7A4F7556}") = "TestWeb.Contracts", "TestWeb.Contracts\TestWeb.Contracts.csproj", "{2BE63B35-9554-4BD9-A91C-22B384397AE0}"
EndProject
Project("{9A19103F-16F7-4668-BE54-9A1E7A4F7556}") = "TestWeb.Common", "TestWeb.Common\TestWeb.Common.csproj", "{6B3B19E9-3D2D-4CDC-A475-386B6040411F}"
EndProject
Project("{2150E333-8FDC-42A3-9474-1A3956D46DE8}") = "Tests", "Tests", "{69282BE8-8792-407B-8468-DE58E390AEE2}"
EndProject
Project("{9A19103F-16F7-4668-BE54-9A1E7A4F7556}") = "TestWeb.UnitTests", "TestWeb.UnitTests\TestWeb.UnitTests.csproj", "{B5526B20-1809-4B74-80A0-6711F33C5E40}"
EndProject
Project("{9A19103F-16F7-4668-BE54-9A1E7A4F7556}") = "TestWeb.AcceptanceTests", "TestWeb.AcceptanceTests\TestWeb.AcceptanceTests.csproj", "{F0836867-0FF2-4E3D-92C4-0491E75203A4}"
EndProject
Project("{9A19103F-16F7-4668-BE54-9A1E7A4F7556}") = "TestWeb.Tests.Common", "TestWeb.Tests.Common\TestWeb.Tests.Common.csproj", "{26DB5273-4F10-46AC-8885-227BB310A1D1}"
EndProject
Project("{9A19103F-16F7-4668-BE54-9A1E7A4F7556}") = "TestWeb.IntegrationTests", "TestWeb.IntegrationTests\TestWeb.IntegrationTests.csproj", "{C2210BD8-B166-424A-B757-F7AAA2B92DFF}"
EndProject
Global
	GlobalSection(SolutionConfigurationPlatforms) = preSolution
		Debug|Any CPU = Debug|Any CPU
		Release|Any CPU = Release|Any CPU
	EndGlobalSection
	GlobalSection(ProjectConfigurationPlatforms) = postSolution
		{E9155E74-4D08-4B73-831F-3A8C207754EB}.Debug|Any CPU.ActiveCfg = Debug|Any CPU
		{E9155E74-4D08-4B73-831F-3A8C207754EB}.Debug|Any CPU.Build.0 = Debug|Any CPU
		{E9155E74-4D08-4B73-831F-3A8C207754EB}.Release|Any CPU.ActiveCfg = Release|Any CPU
		{E9155E74-4D08-4B73-831F-3A8C207754EB}.Release|Any CPU.Build.0 = Release|Any CPU
		{2BE63B35-9554-4BD9-A91C-22B384397AE0}.Debug|Any CPU.ActiveCfg = Debug|Any CPU
		{2BE63B35-9554-4BD9-A91C-22B384397AE0}.Debug|Any CPU.Build.0 = Debug|Any CPU
		{2BE63B35-9554-4BD9-A91C-22B384397AE0}.Release|Any CPU.ActiveCfg = Release|Any CPU
		{2BE63B35-9554-4BD9-A91C-22B384397AE0}.Release|Any CPU.Build.0 = Release|Any CPU
		{6B3B19E9-3D2D-4CDC-A475-386B6040411F}.Debug|Any CPU.ActiveCfg = Debug|Any CPU
		{6B3B19E9-3D2D-4CDC-A475-386B6040411F}.Debug|Any CPU.Build.0 = Debug|Any CPU
		{6B3B19E9-3D2D-4CDC-A475-386B6040411F}.Release|Any CPU.ActiveCfg = Release|Any CPU
		{6B3B19E9-3D2D-4CDC-A475-386B6040411F}.Release|Any CPU.Build.0 = Release|Any CPU
		{B5526B20-1809-4B74-80A0-6711F33C5E40}.Debug|Any CPU.ActiveCfg = Debug|Any CPU
		{B5526B20-1809-4B74-80A0-6711F33C5E40}.Debug|Any CPU.Build.0 = Debug|Any CPU
		{B5526B20-1809-4B74-80A0-6711F33C5E40}.Release|Any CPU.ActiveCfg = Release|Any CPU
		{B5526B20-1809-4B74-80A0-6711F33C5E40}.Release|Any CPU.Build.0 = Release|Any CPU
		{F0836867-0FF2-4E3D-92C4-0491E75203A4}.Debug|Any CPU.ActiveCfg = Debug|Any CPU
		{F0836867-0FF2-4E3D-92C4-0491E75203A4}.Debug|Any CPU.Build.0 = Debug|Any CPU
		{F0836867-0FF2-4E3D-92C4-0491E75203A4}.Release|Any CPU.ActiveCfg = Release|Any CPU
		{F0836867-0FF2-4E3D-92C4-0491E75203A4}.Release|Any CPU.Build.0 = Release|Any CPU
		{26DB5273-4F10-46AC-8885-227BB310A1D1}.Debug|Any CPU.ActiveCfg = Debug|Any CPU
		{26DB5273-4F10-46AC-8885-227BB310A1D1}.Debug|Any CPU.Build.0 = Debug|Any CPU
		{26DB5273-4F10-46AC-8885-227BB310A1D1}.Release|Any CPU.ActiveCfg = Release|Any CPU
		{26DB5273-4F10-46AC-8885-227BB310A1D1}.Release|Any CPU.Build.0 = Release|Any CPU
		{C2210BD8-B166-424A-B757-F7AAA2B92DFF}.Debug|Any CPU.ActiveCfg = Debug|Any CPU
		{C2210BD8-B166-424A-B757-F7AAA2B92DFF}.Debug|Any CPU.Build.0 = Debug|Any CPU
		{C2210BD8-B166-424A-B757-F7AAA2B92DFF}.Release|Any CPU.ActiveCfg = Release|Any CPU
		{C2210BD8-B166-424A-B757-F7AAA2B92DFF}.Release|Any CPU.Build.0 = Release|Any CPU
	EndGlobalSection
	GlobalSection(SolutionProperties) = preSolution
		HideSolutionNode = FALSE
	EndGlobalSection
	GlobalSection(NestedProjects) = preSolution
		{B5526B20-1809-4B74-80A0-6711F33C5E40} = {69282BE8-8792-407B-8468-DE58E390AEE2}
		{F0836867-0FF2-4E3D-92C4-0491E75203A4} = {69282BE8-8792-407B-8468-DE58E390AEE2}
		{26DB5273-4F10-46AC-8885-227BB310A1D1} = {69282BE8-8792-407B-8468-DE58E390AEE2}
		{C2210BD8-B166-424A-B757-F7AAA2B92DFF} = {69282BE8-8792-407B-8468-DE58E390AEE2}
	EndGlobalSection
	GlobalSection(ExtensibilityGlobals) = postSolution
		SolutionGuid = {9D210300-A9CE-4804-B1C8-44ED1B026DBA}
	EndGlobalSection
EndGlobal
